
Microsoft Visual Studio Solution File, Format Version 12.00
# Visual Studio 15
Project("{FAE04EC0-301F-11D3-BF4B-00C04F79EFBC}") = "Oculus.Platform", "Oculus.Platform.csproj", "{E4FB0249-AD5F-FB3A-688A-AEBDD0A793C9}"
EndProject
Project("{FAE04EC0-301F-11D3-BF4B-00C04F79EFBC}") = "Assembly-CSharp", "Assembly-CSharp.csproj", "{11D601B4-0162-5847-9695-AE0EBBED6A6E}"
EndProject
Project("{FAE04EC0-301F-11D3-BF4B-00C04F79EFBC}") = "Oculus.Spatializer", "Oculus.Spatializer.csproj", "{7C1D2F39-BA46-BDE1-6E73-A32DE6B230B0}"
EndProject
Project("{FAE04EC0-301F-11D3-BF4B-00C04F79EFBC}") = "Oculus.AudioManager", "Oculus.AudioManager.csproj", "{9A9FF6E2-A1DA-4229-1AF1-4741D7E6502C}"
EndProject
Project("{FAE04EC0-301F-11D3-BF4B-00C04F79EFBC}") = "Oculus.VR", "Oculus.VR.csproj", "{5AD852D0-8942-A131-C707-2002A4A916EC}"
EndProject
Project("{FAE04EC0-301F-11D3-BF4B-00C04F79EFBC}") = "Oculus.LipSync", "Oculus.LipSync.csproj", "{71FA139E-16F5-88AE-477E-1CDDD490B555}"
EndProject
Project("{FAE04EC0-301F-11D3-BF4B-00C04F79EFBC}") = "Oculus.Platform.Editor", "Oculus.Platform.Editor.csproj", "{1CA4F3E8-06FE-C23A-F2BA-F5AEDE9E5A86}"
EndProject
Project("{FAE04EC0-301F-11D3-BF4B-00C04F79EFBC}") = "Oculus.AudioManager.Audio.Editor", "Oculus.AudioManager.Audio.Editor.csproj", "{2E9CE16B-D0A2-5919-66DE-6C8D91D93208}"
EndProject
Project("{FAE04EC0-301F-11D3-BF4B-00C04F79EFBC}") = "Oculus.VR.Scripts.Editor", "Oculus.VR.Scripts.Editor.csproj", "{DF2A8938-271B-A451-0338-362D934B6A0F}"
EndProject
Project("{FAE04EC0-301F-11D3-BF4B-00C04F79EFBC}") = "Oculus.Spatializer.Editor", "Oculus.Spatializer.Editor.csproj", "{622273E6-3C9A-BA79-BF05-CDEB039746DF}"
EndProject
Project("{FAE04EC0-301F-11D3-BF4B-00C04F79EFBC}") = "Oculus.VR.Editor", "Oculus.VR.Editor.csproj", "{81031D32-4085-5E3F-7B93-4B69C8DBEF4A}"
EndProject
Project("{FAE04EC0-301F-11D3-BF4B-00C04F79EFBC}") = "Oculus.LipSync.Editor", "Oculus.LipSync.Editor.csproj", "{DCF9983F-BD86-32BA-FA18-288C8BCEC3E7}"
EndProject
Project("{FAE04EC0-301F-11D3-BF4B-00C04F79EFBC}") = "Assembly-CSharp-Editor", "Assembly-CSharp-Editor.csproj", "{993C1899-8E94-0CA6-EBF7-4C58729AC7A8}"
EndProject
Project("{FAE04EC0-301F-11D3-BF4B-00C04F79EFBC}") = "Oculus.AudioManager.Utils.Editor", "Oculus.AudioManager.Utils.Editor.csproj", "{60C779C7-703A-338A-124E-2B2E91A13189}"
EndProject
Global
	GlobalSection(SolutionConfigurationPlatforms) = preSolution
		Debug|Any CPU = Debug|Any CPU
		Release|Any CPU = Release|Any CPU
	EndGlobalSection
	GlobalSection(ProjectConfigurationPlatforms) = postSolution
		{E4FB0249-AD5F-FB3A-688A-AEBDD0A793C9}.Debug|Any CPU.ActiveCfg = Debug|Any CPU
		{E4FB0249-AD5F-FB3A-688A-AEBDD0A793C9}.Debug|Any CPU.Build.0 = Debug|Any CPU
		{E4FB0249-AD5F-FB3A-688A-AEBDD0A793C9}.Release|Any CPU.ActiveCfg = Release|Any CPU
		{E4FB0249-AD5F-FB3A-688A-AEBDD0A793C9}.Release|Any CPU.Build.0 = Release|Any CPU
		{11D601B4-0162-5847-9695-AE0EBBED6A6E}.Debug|Any CPU.ActiveCfg = Debug|Any CPU
		{11D601B4-0162-5847-9695-AE0EBBED6A6E}.Debug|Any CPU.Build.0 = Debug|Any CPU
		{11D601B4-0162-5847-9695-AE0EBBED6A6E}.Release|Any CPU.ActiveCfg = Release|Any CPU
		{11D601B4-0162-5847-9695-AE0EBBED6A6E}.Release|Any CPU.Build.0 = Release|Any CPU
		{7C1D2F39-BA46-BDE1-6E73-A32DE6B230B0}.Debug|Any CPU.ActiveCfg = Debug|Any CPU
		{7C1D2F39-BA46-BDE1-6E73-A32DE6B230B0}.Debug|Any CPU.Build.0 = Debug|Any CPU
		{7C1D2F39-BA46-BDE1-6E73-A32DE6B230B0}.Release|Any CPU.ActiveCfg = Release|Any CPU
		{7C1D2F39-BA46-BDE1-6E73-A32DE6B230B0}.Release|Any CPU.Build.0 = Release|Any CPU
		{9A9FF6E2-A1DA-4229-1AF1-4741D7E6502C}.Debug|Any CPU.ActiveCfg = Debug|Any CPU
		{9A9FF6E2-A1DA-4229-1AF1-4741D7E6502C}.Debug|Any CPU.Build.0 = Debug|Any CPU
		{9A9FF6E2-A1DA-4229-1AF1-4741D7E6502C}.Release|Any CPU.ActiveCfg = Release|Any CPU
		{9A9FF6E2-A1DA-4229-1AF1-4741D7E6502C}.Release|Any CPU.Build.0 = Release|Any CPU
		{5AD852D0-8942-A131-C707-2002A4A916EC}.Debug|Any CPU.ActiveCfg = Debug|Any CPU
		{5AD852D0-8942-A131-C707-2002A4A916EC}.Debug|Any CPU.Build.0 = Debug|Any CPU
		{5AD852D0-8942-A131-C707-2002A4A916EC}.Release|Any CPU.ActiveCfg = Release|Any CPU
		{5AD852D0-8942-A131-C707-2002A4A916EC}.Release|Any CPU.Build.0 = Release|Any CPU
		{71FA139E-16F5-88AE-477E-1CDDD490B555}.Debug|Any CPU.ActiveCfg = Debug|Any CPU
		{71FA139E-16F5-88AE-477E-1CDDD490B555}.Debug|Any CPU.Build.0 = Debug|Any CPU
		{71FA139E-16F5-88AE-477E-1CDDD490B555}.Release|Any CPU.ActiveCfg = Release|Any CPU
		{71FA139E-16F5-88AE-477E-1CDDD490B555}.Release|Any CPU.Build.0 = Release|Any CPU
		{1CA4F3E8-06FE-C23A-F2BA-F5AEDE9E5A86}.Debug|Any CPU.ActiveCfg = Debug|Any CPU
		{1CA4F3E8-06FE-C23A-F2BA-F5AEDE9E5A86}.Debug|Any CPU.Build.0 = Debug|Any CPU
		{1CA4F3E8-06FE-C23A-F2BA-F5AEDE9E5A86}.Release|Any CPU.ActiveCfg = Release|Any CPU
		{1CA4F3E8-06FE-C23A-F2BA-F5AEDE9E5A86}.Release|Any CPU.Build.0 = Release|Any CPU
		{2E9CE16B-D0A2-5919-66DE-6C8D91D93208}.Debug|Any CPU.ActiveCfg = Debug|Any CPU
		{2E9CE16B-D0A2-5919-66DE-6C8D91D93208}.Debug|Any CPU.Build.0 = Debug|Any CPU
		{2E9CE16B-D0A2-5919-66DE-6C8D91D93208}.Release|Any CPU.ActiveCfg = Release|Any CPU
		{2E9CE16B-D0A2-5919-66DE-6C8D91D93208}.Release|Any CPU.Build.0 = Release|Any CPU
		{DF2A8938-271B-A451-0338-362D934B6A0F}.Debug|Any CPU.ActiveCfg = Debug|Any CPU
		{DF2A8938-271B-A451-0338-362D934B6A0F}.Debug|Any CPU.Build.0 = Debug|Any CPU
		{DF2A8938-271B-A451-0338-362D934B6A0F}.Release|Any CPU.ActiveCfg = Release|Any CPU
		{DF2A8938-271B-A451-0338-362D934B6A0F}.Release|Any CPU.Build.0 = Release|Any CPU
		{622273E6-3C9A-BA79-BF05-CDEB039746DF}.Debug|Any CPU.ActiveCfg = Debug|Any CPU
		{622273E6-3C9A-BA79-BF05-CDEB039746DF}.Debug|Any CPU.Build.0 = Debug|Any CPU
		{622273E6-3C9A-BA79-BF05-CDEB039746DF}.Release|Any CPU.ActiveCfg = Release|Any CPU
		{622273E6-3C9A-BA79-BF05-CDEB039746DF}.Release|Any CPU.Build.0 = Release|Any CPU
		{81031D32-4085-5E3F-7B93-4B69C8DBEF4A}.Debug|Any CPU.ActiveCfg = Debug|Any CPU
		{81031D32-4085-5E3F-7B93-4B69C8DBEF4A}.Debug|Any CPU.Build.0 = Debug|Any CPU
		{81031D32-4085-5E3F-7B93-4B69C8DBEF4A}.Release|Any CPU.ActiveCfg = Release|Any CPU
		{81031D32-4085-5E3F-7B93-4B69C8DBEF4A}.Release|Any CPU.Build.0 = Release|Any CPU
		{DCF9983F-BD86-32BA-FA18-288C8BCEC3E7}.Debug|Any CPU.ActiveCfg = Debug|Any CPU
		{DCF9983F-BD86-32BA-FA18-288C8BCEC3E7}.Debug|Any CPU.Build.0 = Debug|Any CPU
		{DCF9983F-BD86-32BA-FA18-288C8BCEC3E7}.Release|Any CPU.ActiveCfg = Release|Any CPU
		{DCF9983F-BD86-32BA-FA18-288C8BCEC3E7}.Release|Any CPU.Build.0 = Release|Any CPU
		{993C1899-8E94-0CA6-EBF7-4C58729AC7A8}.Debug|Any CPU.ActiveCfg = Debug|Any CPU
		{993C1899-8E94-0CA6-EBF7-4C58729AC7A8}.Debug|Any CPU.Build.0 = Debug|Any CPU
		{993C1899-8E94-0CA6-EBF7-4C58729AC7A8}.Release|Any CPU.ActiveCfg = Release|Any CPU
		{993C1899-8E94-0CA6-EBF7-4C58729AC7A8}.Release|Any CPU.Build.0 = Release|Any CPU
		{60C779C7-703A-338A-124E-2B2E91A13189}.Debug|Any CPU.ActiveCfg = Debug|Any CPU
		{60C779C7-703A-338A-124E-2B2E91A13189}.Debug|Any CPU.Build.0 = Debug|Any CPU
		{60C779C7-703A-338A-124E-2B2E91A13189}.Release|Any CPU.ActiveCfg = Release|Any CPU
		{60C779C7-703A-338A-124E-2B2E91A13189}.Release|Any CPU.Build.0 = Release|Any CPU
	EndGlobalSection
	GlobalSection(SolutionProperties) = preSolution
		HideSolutionNode = FALSE
	EndGlobalSection
EndGlobal
